
Microsoft Visual Studio Solution File, Format Version 12.00
# Visual Studio 15
VisualStudioVersion = 15.0.28307.572
MinimumVisualStudioVersion = 10.0.40219.1
Project("{A0786B88-2ADB-4C21-ABE8-AA2D79766269}") = "AnCong", "AnCong.phpproj", "{06959EFC-72AC-4672-92C9-1CC70AACB6D2}"
EndProject
Global
	GlobalSection(SolutionConfigurationPlatforms) = preSolution
		Debug|Any CPU = Debug|Any CPU
		Release|Any CPU = Release|Any CPU
	EndGlobalSection
	GlobalSection(ProjectConfigurationPlatforms) = postSolution
		{06959EFC-72AC-4672-92C9-1CC70AACB6D2}.Debug|Any CPU.ActiveCfg = Debug|Any CPU
		{06959EFC-72AC-4672-92C9-1CC70AACB6D2}.Release|Any CPU.ActiveCfg = Release|Any CPU
	EndGlobalSection
	GlobalSection(SolutionProperties) = preSolution
		HideSolutionNode = FALSE
	EndGlobalSection
	GlobalSection(ExtensibilityGlobals) = postSolution
		SolutionGuid = {74C2902E-6254-4346-8AEE-2864565259F9}
	EndGlobalSection
EndGlobal
